// !$*UTF8*$!
{
	archiveVersion = 1;
	classes = {
	};
	objectVersion = 56;
	objects = {

/* Begin PBXBuildFile section */
		1462BBE02A2DDBAD00436A40 /* main.c in Sources */ = {isa = PBXBuildFile; fileRef = 1462BBD32A2DDB7E00436A40 /* main.c */; };
		1462BBF02A2DDCE700436A40 /* secured_tests.c in Sources */ = {isa = PBXBuildFile; fileRef = 1462BBE72A2DDCE700436A40 /* secured_tests.c */; };
		1462BBF12A2DDCE700436A40 /* alloc_light_impl.c in Sources */ = {isa = PBXBuildFile; fileRef = 1462BBEC2A2DDCE700436A40 /* alloc_light_impl.c */; };
		1462BBF22A2DDCE700436A40 /* alloc_secured_impl.c in Sources */ = {isa = PBXBuildFile; fileRef = 1462BBED2A2DDCE700436A40 /* alloc_secured_impl.c */; };
		1462BBF32A2DDCE700436A40 /* malloc.c in Sources */ = {isa = PBXBuildFile; fileRef = 1462BBEE2A2DDCE700436A40 /* malloc.c */; };
		1462BBFE2A2DE14B00436A40 /* csv.c in Sources */ = {isa = PBXBuildFile; fileRef = 1462BBFD2A2DE14B00436A40 /* csv.c */; };
/* End PBXBuildFile section */

/* Begin PBXCopyFilesBuildPhase section */
		1462BBD62A2DDB9C00436A40 /* CopyFiles */ = {
			isa = PBXCopyFilesBuildPhase;
			buildActionMask = 2147483647;
			dstPath = /usr/share/man/man1/;
			dstSubfolderSpec = 0;
			files = (
			);
			runOnlyForDeploymentPostprocessing = 1;
		};
/* End PBXCopyFilesBuildPhase section */

/* Begin PBXFileReference section */
		1462BBD02A2DDB4400436A40 /* libcsv.c */ = {isa = PBXFileReference; lastKnownFileType = sourcecode.c.c; path = libcsv.c; sourceTree = "<group>"; };
		1462BBD12A2DDB6000436A40 /* csv.h */ = {isa = PBXFileReference; lastKnownFileType = sourcecode.c.h; path = csv.h; sourceTree = "<group>"; };
		1462BBD32A2DDB7E00436A40 /* main.c */ = {isa = PBXFileReference; lastKnownFileType = sourcecode.c.c; path = main.c; sourceTree = "<group>"; };
		1462BBD82A2DDB9C00436A40 /* empty */ = {isa = PBXFileReference; explicitFileType = "compiled.mach-o.executable"; includeInIndex = 0; path = empty; sourceTree = BUILT_PRODUCTS_DIR; };
		1462BBE12A2DDC8200436A40 /* CMakeLists.txt */ = {isa = PBXFileReference; fileEncoding = 4; lastKnownFileType = text; path = CMakeLists.txt; sourceTree = "<group>"; };
		1462BBE22A2DDC8200436A40 /* LICENSE */ = {isa = PBXFileReference; fileEncoding = 4; lastKnownFileType = text; path = LICENSE; sourceTree = "<group>"; };
		1462BBE32A2DDCE700436A40 /* CMakeLists.txt */ = {isa = PBXFileReference; fileEncoding = 4; lastKnownFileType = text; path = CMakeLists.txt; sourceTree = "<group>"; };
		1462BBE52A2DDCE700436A40 /* CMakeLists.txt */ = {isa = PBXFileReference; fileEncoding = 4; lastKnownFileType = text; path = CMakeLists.txt; sourceTree = "<group>"; };
		1462BBE72A2DDCE700436A40 /* secured_tests.c */ = {isa = PBXFileReference; fileEncoding = 4; lastKnownFileType = sourcecode.c.c; path = secured_tests.c; sourceTree = "<group>"; };
		1462BBE82A2DDCE700436A40 /* secured_tests.h */ = {isa = PBXFileReference; fileEncoding = 4; lastKnownFileType = sourcecode.c.h; path = secured_tests.h; sourceTree = "<group>"; };
		1462BBEA2A2DDCE700436A40 /* alloc_light_impl.h */ = {isa = PBXFileReference; fileEncoding = 4; lastKnownFileType = sourcecode.c.h; path = alloc_light_impl.h; sourceTree = "<group>"; };
		1462BBEB2A2DDCE700436A40 /* alloc_secured_impl.h */ = {isa = PBXFileReference; fileEncoding = 4; lastKnownFileType = sourcecode.c.h; path = alloc_secured_impl.h; sourceTree = "<group>"; };
		1462BBEC2A2DDCE700436A40 /* alloc_light_impl.c */ = {isa = PBXFileReference; fileEncoding = 4; lastKnownFileType = sourcecode.c.c; path = alloc_light_impl.c; sourceTree = "<group>"; };
		1462BBED2A2DDCE700436A40 /* alloc_secured_impl.c */ = {isa = PBXFileReference; fileEncoding = 4; lastKnownFileType = sourcecode.c.c; path = alloc_secured_impl.c; sourceTree = "<group>"; };
		1462BBEE2A2DDCE700436A40 /* malloc.c */ = {isa = PBXFileReference; fileEncoding = 4; lastKnownFileType = sourcecode.c.c; path = malloc.c; sourceTree = "<group>"; };
		1462BBEF2A2DDCE700436A40 /* MEM_alloc.h */ = {isa = PBXFileReference; fileEncoding = 4; lastKnownFileType = sourcecode.c.h; path = MEM_alloc.h; sourceTree = "<group>"; };
		1462BBF42A2DDCF800436A40 /* CMakeLists.txt */ = {isa = PBXFileReference; fileEncoding = 4; lastKnownFileType = text; path = CMakeLists.txt; sourceTree = "<group>"; };
		1462BBF52A2DDD1E00436A40 /* CMakeLists.txt */ = {isa = PBXFileReference; fileEncoding = 4; lastKnownFileType = text; path = CMakeLists.txt; sourceTree = "<group>"; };
		1462BBF72A2DDD7600436A40 /* macros.cmake */ = {isa = PBXFileReference; fileEncoding = 4; lastKnownFileType = text; path = macros.cmake; sourceTree = "<group>"; };
		1462BBF92A2DE07300436A40 /* CMakeLists.txt */ = {isa = PBXFileReference; fileEncoding = 4; lastKnownFileType = text; path = CMakeLists.txt; sourceTree = "<group>"; };
		1462BBFC2A2DE14B00436A40 /* csv.h */ = {isa = PBXFileReference; lastKnownFileType = sourcecode.c.h; path = csv.h; sourceTree = "<group>"; };
		1462BBFD2A2DE14B00436A40 /* csv.c */ = {isa = PBXFileReference; lastKnownFileType = sourcecode.c.c; path = csv.c; sourceTree = "<group>"; };
/* End PBXFileReference section */

/* Begin PBXFrameworksBuildPhase section */
		1462BBD52A2DDB9C00436A40 /* Frameworks */ = {
			isa = PBXFrameworksBuildPhase;
			buildActionMask = 2147483647;
			files = (
			);
			runOnlyForDeploymentPostprocessing = 0;
		};
/* End PBXFrameworksBuildPhase section */

/* Begin PBXGroup section */
		1462BBC32A2DDAD000436A40 = {
			isa = PBXGroup;
			children = (
				1462BBF82A2DE07300436A40 /* resources */,
				1462BBF62A2DDD7600436A40 /* cmake */,
				1462BBE12A2DDC8200436A40 /* CMakeLists.txt */,
				1462BBE22A2DDC8200436A40 /* LICENSE */,
				1462BBD22A2DDB6C00436A40 /* src */,
				1462BBCE2A2DDB0700436A40 /* lib */,
				1462BBD92A2DDB9C00436A40 /* Products */,
			);
			sourceTree = "<group>";
		};
		1462BBCE2A2DDB0700436A40 /* lib */ = {
			isa = PBXGroup;
			children = (
				1462BBF42A2DDCF800436A40 /* CMakeLists.txt */,
				1462BBCF2A2DDB1400436A40 /* libcsv */,
			);
			path = lib;
			sourceTree = "<group>";
		};
		1462BBCF2A2DDB1400436A40 /* libcsv */ = {
			isa = PBXGroup;
			children = (
				1462BBF52A2DDD1E00436A40 /* CMakeLists.txt */,
				1462BBD02A2DDB4400436A40 /* libcsv.c */,
				1462BBD12A2DDB6000436A40 /* csv.h */,
			);
			path = libcsv;
			sourceTree = "<group>";
		};
		1462BBD22A2DDB6C00436A40 /* src */ = {
			isa = PBXGroup;
			children = (
				1462BBFA2A2DE13300436A40 /* csv */,
				1462BBE32A2DDCE700436A40 /* CMakeLists.txt */,
				1462BBE42A2DDCE700436A40 /* memory */,
				1462BBD32A2DDB7E00436A40 /* main.c */,
			);
			path = src;
			sourceTree = "<group>";
		};
		1462BBD92A2DDB9C00436A40 /* Products */ = {
			isa = PBXGroup;
			children = (
				1462BBD82A2DDB9C00436A40 /* empty */,
			);
			name = Products;
			sourceTree = "<group>";
		};
		1462BBE42A2DDCE700436A40 /* memory */ = {
			isa = PBXGroup;
			children = (
				1462BBE52A2DDCE700436A40 /* CMakeLists.txt */,
				1462BBE62A2DDCE700436A40 /* tests */,
				1462BBE92A2DDCE700436A40 /* intern */,
				1462BBEF2A2DDCE700436A40 /* MEM_alloc.h */,
			);
			path = memory;
			sourceTree = "<group>";
		};
		1462BBE62A2DDCE700436A40 /* tests */ = {
			isa = PBXGroup;
			children = (
				1462BBE72A2DDCE700436A40 /* secured_tests.c */,
				1462BBE82A2DDCE700436A40 /* secured_tests.h */,
			);
			path = tests;
			sourceTree = "<group>";
		};
		1462BBE92A2DDCE700436A40 /* intern */ = {
			isa = PBXGroup;
			children = (
				1462BBEA2A2DDCE700436A40 /* alloc_light_impl.h */,
				1462BBEB2A2DDCE700436A40 /* alloc_secured_impl.h */,
				1462BBEC2A2DDCE700436A40 /* alloc_light_impl.c */,
				1462BBED2A2DDCE700436A40 /* alloc_secured_impl.c */,
				1462BBEE2A2DDCE700436A40 /* malloc.c */,
			);
			path = intern;
			sourceTree = "<group>";
		};
		1462BBF62A2DDD7600436A40 /* cmake */ = {
			isa = PBXGroup;
			children = (
				1462BBF72A2DDD7600436A40 /* macros.cmake */,
			);
			path = cmake;
			sourceTree = "<group>";
		};
		1462BBF82A2DE07300436A40 /* resources */ = {
			isa = PBXGroup;
			children = (
				1462BBF92A2DE07300436A40 /* CMakeLists.txt */,
			);
			path = resources;
			sourceTree = "<group>";
		};
		1462BBFA2A2DE13300436A40 /* csv */ = {
			isa = PBXGroup;
			children = (
				1462BBFB2A2DE13A00436A40 /* intern */,
			);
			path = csv;
			sourceTree = "<group>";
		};
		1462BBFB2A2DE13A00436A40 /* intern */ = {
			isa = PBXGroup;
			children = (
				1462BBFC2A2DE14B00436A40 /* csv.h */,
				1462BBFD2A2DE14B00436A40 /* csv.c */,
			);
			path = intern;
			sourceTree = "<group>";
		};
/* End PBXGroup section */

/* Begin PBXLegacyTarget section */
		1462BBC82A2DDAD000436A40 /* wifi */ = {
			isa = PBXLegacyTarget;
			buildArgumentsString = "$(ACTION)";
			buildConfigurationList = 1462BBCB2A2DDAD000436A40 /* Build configuration list for PBXLegacyTarget "wifi" */;
			buildPhases = (
			);
			buildToolPath = /usr/bin/make;
			buildWorkingDirectory = /Users/emmanuel/Documents/developement/wifi/wifi/build;
			dependencies = (
			);
			name = wifi;
			passBuildSettingsInEnvironment = 1;
			productName = wifi;
		};
/* End PBXLegacyTarget section */

/* Begin PBXNativeTarget section */
		1462BBD72A2DDB9C00436A40 /* empty */ = {
			isa = PBXNativeTarget;
			buildConfigurationList = 1462BBDD2A2DDB9C00436A40 /* Build configuration list for PBXNativeTarget "empty" */;
			buildPhases = (
				1462BBD42A2DDB9C00436A40 /* Sources */,
				1462BBD52A2DDB9C00436A40 /* Frameworks */,
				1462BBD62A2DDB9C00436A40 /* CopyFiles */,
			);
			buildRules = (
			);
			dependencies = (
			);
			name = empty;
			productName = empty;
			productReference = 1462BBD82A2DDB9C00436A40 /* empty */;
			productType = "com.apple.product-type.tool";
		};
/* End PBXNativeTarget section */

/* Begin PBXProject section */
		1462BBC42A2DDAD000436A40 /* Project object */ = {
			isa = PBXProject;
			attributes = {
				BuildIndependentTargetsInParallel = 1;
				LastUpgradeCheck = 1430;
				TargetAttributes = {
					1462BBC82A2DDAD000436A40 = {
						CreatedOnToolsVersion = 14.3.1;
					};
					1462BBD72A2DDB9C00436A40 = {
						CreatedOnToolsVersion = 14.3.1;
					};
				};
			};
			buildConfigurationList = 1462BBC72A2DDAD000436A40 /* Build configuration list for PBXProject "wifi" */;
			compatibilityVersion = "Xcode 14.0";
			developmentRegion = en;
			hasScannedForEncodings = 0;
			knownRegions = (
				en,
				Base,
			);
			mainGroup = 1462BBC32A2DDAD000436A40;
			productRefGroup = 1462BBD92A2DDB9C00436A40 /* Products */;
			projectDirPath = "";
			projectRoot = "";
			targets = (
				1462BBC82A2DDAD000436A40 /* wifi */,
				1462BBD72A2DDB9C00436A40 /* empty */,
			);
		};
/* End PBXProject section */

/* Begin PBXSourcesBuildPhase section */
		1462BBD42A2DDB9C00436A40 /* Sources */ = {
			isa = PBXSourcesBuildPhase;
			buildActionMask = 2147483647;
			files = (
				1462BBFE2A2DE14B00436A40 /* csv.c in Sources */,
				1462BBF12A2DDCE700436A40 /* alloc_light_impl.c in Sources */,
				1462BBE02A2DDBAD00436A40 /* main.c in Sources */,
				1462BBF02A2DDCE700436A40 /* secured_tests.c in Sources */,
				1462BBF32A2DDCE700436A40 /* malloc.c in Sources */,
				1462BBF22A2DDCE700436A40 /* alloc_secured_impl.c in Sources */,
			);
			runOnlyForDeploymentPostprocessing = 0;
		};
/* End PBXSourcesBuildPhase section */

/* Begin XCBuildConfiguration section */
		1462BBC92A2DDAD000436A40 /* Debug */ = {
			isa = XCBuildConfiguration;
			buildSettings = {
				ALWAYS_SEARCH_USER_PATHS = NO;
				CLANG_ANALYZER_NONNULL = YES;
				CLANG_ANALYZER_NUMBER_OBJECT_CONVERSION = YES_AGGRESSIVE;
				CLANG_CXX_LANGUAGE_STANDARD = "gnu++20";
				CLANG_ENABLE_MODULES = YES;
				CLANG_ENABLE_OBJC_ARC = YES;
				CLANG_ENABLE_OBJC_WEAK = YES;
				CLANG_WARN_BLOCK_CAPTURE_AUTORELEASING = YES;
				CLANG_WARN_BOOL_CONVERSION = YES;
				CLANG_WARN_COMMA = YES;
				CLANG_WARN_CONSTANT_CONVERSION = YES;
				CLANG_WARN_DEPRECATED_OBJC_IMPLEMENTATIONS = YES;
				CLANG_WARN_DIRECT_OBJC_ISA_USAGE = YES_ERROR;
				CLANG_WARN_DOCUMENTATION_COMMENTS = YES;
				CLANG_WARN_EMPTY_BODY = YES;
				CLANG_WARN_ENUM_CONVERSION = YES;
				CLANG_WARN_INFINITE_RECURSION = YES;
				CLANG_WARN_INT_CONVERSION = YES;
				CLANG_WARN_NON_LITERAL_NULL_CONVERSION = YES;
				CLANG_WARN_OBJC_IMPLICIT_RETAIN_SELF = YES;
				CLANG_WARN_OBJC_LITERAL_CONVERSION = YES;
				CLANG_WARN_OBJC_ROOT_CLASS = YES_ERROR;
				CLANG_WARN_QUOTED_INCLUDE_IN_FRAMEWORK_HEADER = YES;
				CLANG_WARN_RANGE_LOOP_ANALYSIS = YES;
				CLANG_WARN_STRICT_PROTOTYPES = YES;
				CLANG_WARN_SUSPICIOUS_MOVE = YES;
				CLANG_WARN_UNGUARDED_AVAILABILITY = YES_AGGRESSIVE;
				CLANG_WARN_UNREACHABLE_CODE = YES;
				CLANG_WARN__DUPLICATE_METHOD_MATCH = YES;
				COPY_PHASE_STRIP = NO;
				DEBUG_INFORMATION_FORMAT = dwarf;
				ENABLE_STRICT_OBJC_MSGSEND = YES;
				ENABLE_TESTABILITY = YES;
				GCC_C_LANGUAGE_STANDARD = gnu11;
				GCC_DYNAMIC_NO_PIC = NO;
				GCC_NO_COMMON_BLOCKS = YES;
				GCC_OPTIMIZATION_LEVEL = 0;
				GCC_PREPROCESSOR_DEFINITIONS = (
					"DEBUG=1",
					"$(inherited)",
				);
				GCC_WARN_64_TO_32_BIT_CONVERSION = YES;
				GCC_WARN_ABOUT_RETURN_TYPE = YES_ERROR;
				GCC_WARN_UNDECLARED_SELECTOR = YES;
				GCC_WARN_UNINITIALIZED_AUTOS = YES_AGGRESSIVE;
				GCC_WARN_UNUSED_FUNCTION = YES;
				GCC_WARN_UNUSED_VARIABLE = YES;
				MTL_ENABLE_DEBUG_INFO = INCLUDE_SOURCE;
				MTL_FAST_MATH = YES;
				ONLY_ACTIVE_ARCH = YES;
			};
			name = Debug;
		};
		1462BBCA2A2DDAD000436A40 /* Release */ = {
			isa = XCBuildConfiguration;
			buildSettings = {
				ALWAYS_SEARCH_USER_PATHS = NO;
				CLANG_ANALYZER_NONNULL = YES;
				CLANG_ANALYZER_NUMBER_OBJECT_CONVERSION = YES_AGGRESSIVE;
				CLANG_CXX_LANGUAGE_STANDARD = "gnu++20";
				CLANG_ENABLE_MODULES = YES;
				CLANG_ENABLE_OBJC_ARC = YES;
				CLANG_ENABLE_OBJC_WEAK = YES;
				CLANG_WARN_BLOCK_CAPTURE_AUTORELEASING = YES;
				CLANG_WARN_BOOL_CONVERSION = YES;
				CLANG_WARN_COMMA = YES;
				CLANG_WARN_CONSTANT_CONVERSION = YES;
				CLANG_WARN_DEPRECATED_OBJC_IMPLEMENTATIONS = YES;
				CLANG_WARN_DIRECT_OBJC_ISA_USAGE = YES_ERROR;
				CLANG_WARN_DOCUMENTATION_COMMENTS = YES;
				CLANG_WARN_EMPTY_BODY = YES;
				CLANG_WARN_ENUM_CONVERSION = YES;
				CLANG_WARN_INFINITE_RECURSION = YES;
				CLANG_WARN_INT_CONVERSION = YES;
				CLANG_WARN_NON_LITERAL_NULL_CONVERSION = YES;
				CLANG_WARN_OBJC_IMPLICIT_RETAIN_SELF = YES;
				CLANG_WARN_OBJC_LITERAL_CONVERSION = YES;
				CLANG_WARN_OBJC_ROOT_CLASS = YES_ERROR;
				CLANG_WARN_QUOTED_INCLUDE_IN_FRAMEWORK_HEADER = YES;
				CLANG_WARN_RANGE_LOOP_ANALYSIS = YES;
				CLANG_WARN_STRICT_PROTOTYPES = YES;
				CLANG_WARN_SUSPICIOUS_MOVE = YES;
				CLANG_WARN_UNGUARDED_AVAILABILITY = YES_AGGRESSIVE;
				CLANG_WARN_UNREACHABLE_CODE = YES;
				CLANG_WARN__DUPLICATE_METHOD_MATCH = YES;
				COPY_PHASE_STRIP = NO;
				DEBUG_INFORMATION_FORMAT = "dwarf-with-dsym";
				ENABLE_NS_ASSERTIONS = NO;
				ENABLE_STRICT_OBJC_MSGSEND = YES;
				GCC_C_LANGUAGE_STANDARD = gnu11;
				GCC_NO_COMMON_BLOCKS = YES;
				GCC_WARN_64_TO_32_BIT_CONVERSION = YES;
				GCC_WARN_ABOUT_RETURN_TYPE = YES_ERROR;
				GCC_WARN_UNDECLARED_SELECTOR = YES;
				GCC_WARN_UNINITIALIZED_AUTOS = YES_AGGRESSIVE;
				GCC_WARN_UNUSED_FUNCTION = YES;
				GCC_WARN_UNUSED_VARIABLE = YES;
				MTL_ENABLE_DEBUG_INFO = NO;
				MTL_FAST_MATH = YES;
			};
			name = Release;
		};
		1462BBCC2A2DDAD000436A40 /* Debug */ = {
			isa = XCBuildConfiguration;
			buildSettings = {
				CODE_SIGN_STYLE = Automatic;
				DEBUGGING_SYMBOLS = YES;
				DEBUG_INFORMATION_FORMAT = dwarf;
				DEVELOPMENT_TEAM = 7N38BFNC66;
				GCC_GENERATE_DEBUGGING_SYMBOLS = YES;
				GCC_OPTIMIZATION_LEVEL = 0;
				OTHER_CFLAGS = "";
				OTHER_LDFLAGS = "";
				PRODUCT_NAME = "$(TARGET_NAME)";
			};
			name = Debug;
		};
		1462BBCD2A2DDAD000436A40 /* Release */ = {
			isa = XCBuildConfiguration;
			buildSettings = {
				CODE_SIGN_STYLE = Automatic;
				DEBUG_INFORMATION_FORMAT = "dwarf-with-dsym";
				DEVELOPMENT_TEAM = 7N38BFNC66;
				OTHER_CFLAGS = "";
				OTHER_LDFLAGS = "";
				PRODUCT_NAME = "$(TARGET_NAME)";
			};
			name = Release;
		};
		1462BBDE2A2DDB9C00436A40 /* Debug */ = {
			isa = XCBuildConfiguration;
			buildSettings = {
				CODE_SIGN_STYLE = Automatic;
				DEVELOPMENT_TEAM = 7N38BFNC66;
				ENABLE_HARDENED_RUNTIME = YES;
				LIBRARY_SEARCH_PATHS = (
					src/memory,
					"lib/**",
				);
				MACOSX_DEPLOYMENT_TARGET = 13.3;
				PRODUCT_NAME = "$(TARGET_NAME)";
				SDKROOT = macosx;
			};
			name = Debug;
		};
		1462BBDF2A2DDB9C00436A40 /* Release */ = {
			isa = XCBuildConfiguration;
			buildSettings = {
				CODE_SIGN_STYLE = Automatic;
				DEVELOPMENT_TEAM = 7N38BFNC66;
				ENABLE_HARDENED_RUNTIME = YES;
				LIBRARY_SEARCH_PATHS = (
					src/memory,
					"lib/**",
				);
				MACOSX_DEPLOYMENT_TARGET = 13.3;
				PRODUCT_NAME = "$(TARGET_NAME)";
				SDKROOT = macosx;
			};
			name = Release;
		};
/* End XCBuildConfiguration section */

/* Begin XCConfigurationList section */
		1462BBC72A2DDAD000436A40 /* Build configuration list for PBXProject "wifi" */ = {
			isa = XCConfigurationList;
			buildConfigurations = (
				1462BBC92A2DDAD000436A40 /* Debug */,
				1462BBCA2A2DDAD000436A40 /* Release */,
			);
			defaultConfigurationIsVisible = 0;
			defaultConfigurationName = Release;
		};
		1462BBCB2A2DDAD000436A40 /* Build configuration list for PBXLegacyTarget "wifi" */ = {
			isa = XCConfigurationList;
			buildConfigurations = (
				1462BBCC2A2DDAD000436A40 /* Debug */,
				1462BBCD2A2DDAD000436A40 /* Release */,
			);
			defaultConfigurationIsVisible = 0;
			defaultConfigurationName = Release;
		};
		1462BBDD2A2DDB9C00436A40 /* Build configuration list for PBXNativeTarget "empty" */ = {
			isa = XCConfigurationList;
			buildConfigurations = (
				1462BBDE2A2DDB9C00436A40 /* Debug */,
				1462BBDF2A2DDB9C00436A40 /* Release */,
			);
			defaultConfigurationIsVisible = 0;
			defaultConfigurationName = Release;
		};
/* End XCConfigurationList section */
	};
	rootObject = 1462BBC42A2DDAD000436A40 /* Project object */;
}
